
Microsoft Visual Studio Solution File, Format Version 12.00
# Visual Studio Version 17
VisualStudioVersion = 17.5.33516.290
MinimumVisualStudioVersion = 10.0.40219.1
Project("{FAE04EC0-301F-11D3-BF4B-00C04F79EFBC}") = "B2CCacheAuth", "B2CCacheAuth.csproj", "{6152BDF3-FE84-4674-AA7F-71DCB1A4CA99}"
EndProject
Global
	GlobalSection(SolutionConfigurationPlatforms) = preSolution
		Debug|Any CPU = Debug|Any CPU
		Release|Any CPU = Release|Any CPU
	EndGlobalSection
	GlobalSection(ProjectConfigurationPlatforms) = postSolution
		{6152BDF3-FE84-4674-AA7F-71DCB1A4CA99}.Debug|Any CPU.ActiveCfg = Debug|Any CPU
		{6152BDF3-FE84-4674-AA7F-71DCB1A4CA99}.Debug|Any CPU.Build.0 = Debug|Any CPU
		{6152BDF3-FE84-4674-AA7F-71DCB1A4CA99}.Release|Any CPU.ActiveCfg = Release|Any CPU
		{6152BDF3-FE84-4674-AA7F-71DCB1A4CA99}.Release|Any CPU.Build.0 = Release|Any CPU
	EndGlobalSection
	GlobalSection(SolutionProperties) = preSolution
		HideSolutionNode = FALSE
	EndGlobalSection
	GlobalSection(ExtensibilityGlobals) = postSolution
		SolutionGuid = {6271BF10-488B-4F40-8222-2D73C3DFD555}
	EndGlobalSection
EndGlobal
